PODS:
  - Capacitor (5.0.5):
    - CapacitorCordova
  - CapacitorApp (5.0.3):
    - Capacitor
  - CapacitorCommunitySqlite (5.0.2):
    - Capacitor
    - SQLCipher
    - ZIPFoundation
  - CapacitorCordova (5.0.5)
  - CapacitorHaptics (5.0.4):
    - Capacitor
  - CapacitorKeyboard (5.0.4):
    - Capacitor
  - CapacitorStatusBar (5.0.4):
    - Capacitor
  - SQLCipher (4.5.2):
    - SQLCipher/standard (= 4.5.2)
  - SQLCipher/common (4.5.2)
  - SQLCipher/standard (4.5.2):
    - SQLCipher/common
  - ZIPFoundation (0.9.16)

DEPENDENCIES:
  - "Capacitor (from `../../node_modules/@capacitor/ios`)"
  - "CapacitorApp (from `../../node_modules/@capacitor/app`)"
  - "CapacitorCommunitySqlite (from `../../node_modules/@capacitor-community/sqlite`)"
  - "CapacitorCordova (from `../../node_modules/@capacitor/ios`)"
  - "CapacitorHaptics (from `../../node_modules/@capacitor/haptics`)"
  - "CapacitorKeyboard (from `../../node_modules/@capacitor/keyboard`)"
  - "CapacitorStatusBar (from `../../node_modules/@capacitor/status-bar`)"

SPEC REPOS:
  trunk:
    - SQLCipher
    - ZIPFoundation

EXTERNAL SOURCES:
  Capacitor:
    :path: "../../node_modules/@capacitor/ios"
  CapacitorApp:
    :path: "../../node_modules/@capacitor/app"
  CapacitorCommunitySqlite:
    :path: "../../node_modules/@capacitor-community/sqlite"
  CapacitorCordova:
    :path: "../../node_modules/@capacitor/ios"
  CapacitorHaptics:
    :path: "../../node_modules/@capacitor/haptics"
  CapacitorKeyboard:
    :path: "../../node_modules/@capacitor/keyboard"
  CapacitorStatusBar:
    :path: "../../node_modules/@capacitor/status-bar"

SPEC CHECKSUMS:
  Capacitor: b1248915663add1bd6567e2b67c1c1fa3abcf5e8
  CapacitorApp: 7a5dec8b33573707164b293475d5c89ba684364a
  CapacitorCommunitySqlite: a75c9a813ff822d121bb273b8fe517f66a336e2c
  CapacitorCordova: f8c06b897c74ee8f7701fe10e6443b40822bc83a
  CapacitorHaptics: e36653b37326d71bb35ae42b944124037dbc3d97
  CapacitorKeyboard: d1b25fde6f19744ad09c890862aefc6e2a7ded3d
  CapacitorStatusBar: 190e0321b8734f4244d0c81baa183a00d5806ddf
  SQLCipher: f5b4857434158b571a3ed3b10b3b43cd18ef5f67
  ZIPFoundation: d170fa8e270b2a32bef9dcdcabff5b8f1a5deced

PODFILE CHECKSUM: f44bc5ec959d7b958c2cbc033c29bc3d0b482fa0

COCOAPODS: 1.11.2
